
Microsoft Visual Studio Solution File, Format Version 12.00
# Visual Studio 2015
Project("{FAE04EC0-301F-11D3-BF4B-00C04F79EFBC}") = "SCH_LESSON_2D_SHOOTING_GAME", "SCH_LESSON_2D_SHOOTING_GAME.csproj", "{F1A46689-819C-D3AB-7561-C4A2B6967424}"
EndProject
Global
	GlobalSection(SolutionConfigurationPlatforms) = preSolution
		Debug|Any CPU = Debug|Any CPU
		Release|Any CPU = Release|Any CPU
	EndGlobalSection
	GlobalSection(ProjectConfigurationPlatforms) = postSolution
		{F1A46689-819C-D3AB-7561-C4A2B6967424}.Debug|Any CPU.ActiveCfg = Debug|Any CPU
		{F1A46689-819C-D3AB-7561-C4A2B6967424}.Debug|Any CPU.Build.0 = Debug|Any CPU
		{F1A46689-819C-D3AB-7561-C4A2B6967424}.Release|Any CPU.ActiveCfg = Release|Any CPU
		{F1A46689-819C-D3AB-7561-C4A2B6967424}.Release|Any CPU.Build.0 = Release|Any CPU
	EndGlobalSection
	GlobalSection(SolutionProperties) = preSolution
		HideSolutionNode = FALSE
	EndGlobalSection
EndGlobal
